Microsoft Visual Studio Solution File, Format Version 12.00
# Visual Studio Version 17
VisualStudioVersion = 17.5.2.0
MinimumVisualStudioVersion = 10.0.40219.1
Project("{FAE04EC0-301F-11D3-BF4B-00C04F79EFBC}") = "MSOfficeAuthors", "MSOfficeAuthors.csproj", "{05998719-91B5-2162-0874-B08C20851DD7}"
EndProject
Global
	GlobalSection(SolutionConfigurationPlatforms) = preSolution
		Debug|Any CPU = Debug|Any CPU
		Release|Any CPU = Release|Any CPU
	EndGlobalSection
	GlobalSection(ProjectConfigurationPlatforms) = postSolution
		{05998719-91B5-2162-0874-B08C20851DD7}.Debug|Any CPU.ActiveCfg = Debug|Any CPU
		{05998719-91B5-2162-0874-B08C20851DD7}.Debug|Any CPU.Build.0 = Debug|Any CPU
		{05998719-91B5-2162-0874-B08C20851DD7}.Release|Any CPU.ActiveCfg = Release|Any CPU
		{05998719-91B5-2162-0874-B08C20851DD7}.Release|Any CPU.Build.0 = Release|Any CPU
	EndGlobalSection
	GlobalSection(SolutionProperties) = preSolution
		HideSolutionNode = FALSE
	EndGlobalSection
	GlobalSection(ExtensibilityGlobals) = postSolution
		SolutionGuid = {F027DAD7-3ABE-412C-BD4C-61501CFB634B}
	EndGlobalSection
EndGlobal
